// !$*UTF8*$!
{
	archiveVersion = 1;
	classes = {
	};
	objectVersion = 50;
	objects = {

/* Begin PBXBuildFile section */
		42249B2623967383002D9D8E /* AppDelegate.swift in Sources */ = {isa = PBXBuildFile; fileRef = 42249B2523967383002D9D8E /* AppDelegate.swift */; };
		42249B2823967383002D9D8E /* SceneDelegate.swift in Sources */ = {isa = PBXBuildFile; fileRef = 42249B2723967383002D9D8E /* SceneDelegate.swift */; };
		42249B2A23967383002D9D8E /* ViewController.swift in Sources */ = {isa = PBXBuildFile; fileRef = 42249B2923967383002D9D8E /* ViewController.swift */; };
		42249B2D23967383002D9D8E /* Main.storyboard in Resources */ = {isa = PBXBuildFile; fileRef = 42249B2B23967383002D9D8E /* Main.storyboard */; };
		42249B2F23967383002D9D8E /* Assets.xcassets in Resources */ = {isa = PBXBuildFile; fileRef = 42249B2E23967383002D9D8E /* Assets.xcassets */; };
		42249B3223967383002D9D8E /* LaunchScreen.storyboard in Resources */ = {isa = PBXBuildFile; fileRef = 42249B3023967383002D9D8E /* LaunchScreen.storyboard */; };
		42249B3D23967383002D9D8E /* FootTrackerTests.swift in Sources */ = {isa = PBXBuildFile; fileRef = 42249B3C23967383002D9D8E /* FootTrackerTests.swift */; };
		42249B482397DBEA002D9D8E /* RatingControl.swift in Sources */ = {isa = PBXBuildFile; fileRef = 42249B472397DBEA002D9D8E /* RatingControl.swift */; };
		422F0C31239917D700FBD6E3 /* Meal.swift in Sources */ = {isa = PBXBuildFile; fileRef = 422F0C30239917D700FBD6E3 /* Meal.swift */; };
/* End PBXBuildFile section */

/* Begin PBXContainerItemProxy section */
		42249B3923967383002D9D8E /* PBXContainerItemProxy */ = {
			isa = PBXContainerItemProxy;
			containerPortal = 42249B1A23967383002D9D8E /* Project object */;
			proxyType = 1;
			remoteGlobalIDString = 42249B2123967383002D9D8E;
			remoteInfo = FootTracker;
		};
/* End PBXContainerItemProxy section */

/* Begin PBXFileReference section */
		42249B2223967383002D9D8E /* FootTracker.app */ = {isa = PBXFileReference; explicitFileType = wrapper.application; includeInIndex = 0; path = FootTracker.app; sourceTree = BUILT_PRODUCTS_DIR; };
		42249B2523967383002D9D8E /* AppDelegate.swift */ = {isa = PBXFileReference; lastKnownFileType = sourcecode.swift; path = AppDelegate.swift; sourceTree = "<group>"; };
		42249B2723967383002D9D8E /* SceneDelegate.swift */ = {isa = PBXFileReference; lastKnownFileType = sourcecode.swift; path = SceneDelegate.swift; sourceTree = "<group>"; };
		42249B2923967383002D9D8E /* ViewController.swift */ = {isa = PBXFileReference; lastKnownFileType = sourcecode.swift; path = ViewController.swift; sourceTree = "<group>"; };
		42249B2C23967383002D9D8E /* Base */ = {isa = PBXFileReference; lastKnownFileType = file.storyboard; name = Base; path = Base.lproj/Main.storyboard; sourceTree = "<group>"; };
		42249B2E23967383002D9D8E /* Assets.xcassets */ = {isa = PBXFileReference; lastKnownFileType = folder.assetcatalog; path = Assets.xcassets; sourceTree = "<group>"; };
		42249B3123967383002D9D8E /* Base */ = {isa = PBXFileReference; lastKnownFileType = file.storyboard; name = Base; path = Base.lproj/LaunchScreen.storyboard; sourceTree = "<group>"; };
		42249B3323967383002D9D8E /* Info.plist */ = {isa = PBXFileReference; lastKnownFileType = text.plist.xml; path = Info.plist; sourceTree = "<group>"; };
		42249B3823967383002D9D8E /* FootTrackerTests.xctest */ = {isa = PBXFileReference; explicitFileType = wrapper.cfbundle; includeInIndex = 0; path = FootTrackerTests.xctest; sourceTree = BUILT_PRODUCTS_DIR; };
		42249B3C23967383002D9D8E /* FootTrackerTests.swift */ = {isa = PBXFileReference; lastKnownFileType = sourcecode.swift; path = FootTrackerTests.swift; sourceTree = "<group>"; };
		42249B3E23967383002D9D8E /* Info.plist */ = {isa = PBXFileReference; lastKnownFileType = text.plist.xml; path = Info.plist; sourceTree = "<group>"; };
		42249B472397DBEA002D9D8E /* RatingControl.swift */ = {isa = PBXFileReference; lastKnownFileType = sourcecode.swift; path = RatingControl.swift; sourceTree = "<group>"; };
		422F0C30239917D700FBD6E3 /* Meal.swift */ = {isa = PBXFileReference; lastKnownFileType = sourcecode.swift; path = Meal.swift; sourceTree = "<group>"; };
/* End PBXFileReference section */

/* Begin PBXFrameworksBuildPhase section */
		42249B1F23967383002D9D8E /* Frameworks */ = {
			isa = PBXFrameworksBuildPhase;
			buildActionMask = 2147483647;
			files = (
			);
			runOnlyForDeploymentPostprocessing = 0;
		};
		42249B3523967383002D9D8E /* Frameworks */ = {
			isa = PBXFrameworksBuildPhase;
			buildActionMask = 2147483647;
			files = (
			);
			runOnlyForDeploymentPostprocessing = 0;
		};
/* End PBXFrameworksBuildPhase section */

/* Begin PBXGroup section */
		42249B1923967383002D9D8E = {
			isa = PBXGroup;
			children = (
				42249B2423967383002D9D8E /* FootTracker */,
				42249B3B23967383002D9D8E /* FootTrackerTests */,
				42249B2323967383002D9D8E /* Products */,
			);
			sourceTree = "<group>";
		};
		42249B2323967383002D9D8E /* Products */ = {
			isa = PBXGroup;
			children = (
				42249B2223967383002D9D8E /* FootTracker.app */,
				42249B3823967383002D9D8E /* FootTrackerTests.xctest */,
			);
			name = Products;
			sourceTree = "<group>";
		};
		42249B2423967383002D9D8E /* FootTracker */ = {
			isa = PBXGroup;
			children = (
				42249B2523967383002D9D8E /* AppDelegate.swift */,
				42249B2723967383002D9D8E /* SceneDelegate.swift */,
				42249B2923967383002D9D8E /* ViewController.swift */,
				42249B472397DBEA002D9D8E /* RatingControl.swift */,
				422F0C30239917D700FBD6E3 /* Meal.swift */,
				42249B2B23967383002D9D8E /* Main.storyboard */,
				42249B2E23967383002D9D8E /* Assets.xcassets */,
				42249B3023967383002D9D8E /* LaunchScreen.storyboard */,
				42249B3323967383002D9D8E /* Info.plist */,
			);
			path = FootTracker;
			sourceTree = "<group>";
		};
		42249B3B23967383002D9D8E /* FootTrackerTests */ = {
			isa = PBXGroup;
			children = (
				42249B3C23967383002D9D8E /* FootTrackerTests.swift */,
				42249B3E23967383002D9D8E /* Info.plist */,
			);
			path = FootTrackerTests;
			sourceTree = "<group>";
		};
/* End PBXGroup section */

/* Begin PBXNativeTarget section */
		42249B2123967383002D9D8E /* FootTracker */ = {
			isa = PBXNativeTarget;
			buildConfigurationList = 42249B4123967383002D9D8E /* Build configuration list for PBXNativeTarget "FootTracker" */;
			buildPhases = (
				42249B1E23967383002D9D8E /* Sources */,
				42249B1F23967383002D9D8E /* Frameworks */,
				42249B2023967383002D9D8E /* Resources */,
			);
			buildRules = (
			);
			dependencies = (
			);
			name = FootTracker;
			productName = FootTracker;
			productReference = 42249B2223967383002D9D8E /* FootTracker.app */;
			productType = "com.apple.product-type.application";
		};
		42249B3723967383002D9D8E /* FootTrackerTests */ = {
			isa = PBXNativeTarget;
			buildConfigurationList = 42249B4423967383002D9D8E /* Build configuration list for PBXNativeTarget "FootTrackerTests" */;
			buildPhases = (
				42249B3423967383002D9D8E /* Sources */,
				42249B3523967383002D9D8E /* Frameworks */,
				42249B3623967383002D9D8E /* Resources */,
			);
			buildRules = (
			);
			dependencies = (
				42249B3A23967383002D9D8E /* PBXTargetDependency */,
			);
			name = FootTrackerTests;
			productName = FootTrackerTests;
			productReference = 42249B3823967383002D9D8E /* FootTrackerTests.xctest */;
			productType = "com.apple.product-type.bundle.unit-test";
		};
/* End PBXNativeTarget section */

/* Begin PBXProject section */
		42249B1A23967383002D9D8E /* Project object */ = {
			isa = PBXProject;
			attributes = {
				LastSwiftUpdateCheck = 1120;
				LastUpgradeCheck = 1120;
				ORGANIZATIONNAME = "王子乐";
				TargetAttributes = {
					42249B2123967383002D9D8E = {
						CreatedOnToolsVersion = 11.2.1;
					};
					42249B3723967383002D9D8E = {
						CreatedOnToolsVersion = 11.2.1;
						TestTargetID = 42249B2123967383002D9D8E;
					};
				};
			};
			buildConfigurationList = 42249B1D23967383002D9D8E /* Build configuration list for PBXProject "FootTracker" */;
			compatibilityVersion = "Xcode 9.3";
			developmentRegion = en;
			hasScannedForEncodings = 0;
			knownRegions = (
				en,
				Base,
			);
			mainGroup = 42249B1923967383002D9D8E;
			productRefGroup = 42249B2323967383002D9D8E /* Products */;
			projectDirPath = "";
			projectRoot = "";
			targets = (
				42249B2123967383002D9D8E /* FootTracker */,
				42249B3723967383002D9D8E /* FootTrackerTests */,
			);
		};
/* End PBXProject section */

/* Begin PBXResourcesBuildPhase section */
		42249B2023967383002D9D8E /* Resources */ = {
			isa = PBXResourcesBuildPhase;
			buildActionMask = 2147483647;
			files = (
				42249B3223967383002D9D8E /* LaunchScreen.storyboard in Resources */,
				42249B2F23967383002D9D8E /* Assets.xcassets in Resources */,
				42249B2D23967383002D9D8E /* Main.storyboard in Resources */,
			);
			runOnlyForDeploymentPostprocessing = 0;
		};
		42249B3623967383002D9D8E /* Resources */ = {
			isa = PBXResourcesBuildPhase;
			buildActionMask = 2147483647;
			files = (
			);
			runOnlyForDeploymentPostprocessing = 0;
		};
/* End PBXResourcesBuildPhase section */

/* Begin PBXSourcesBuildPhase section */
		42249B1E23967383002D9D8E /* Sources */ = {
			isa = PBXSourcesBuildPhase;
			buildActionMask = 2147483647;
			files = (
				422F0C31239917D700FBD6E3 /* Meal.swift in Sources */,
				42249B482397DBEA002D9D8E /* RatingControl.swift in Sources */,
				42249B2A23967383002D9D8E /* ViewController.swift in Sources */,
				42249B2623967383002D9D8E /* AppDelegate.swift in Sources */,
				42249B2823967383002D9D8E /* SceneDelegate.swift in Sources */,
			);
			runOnlyForDeploymentPostprocessing = 0;
		};
		42249B3423967383002D9D8E /* Sources */ = {
			isa = PBXSourcesBuildPhase;
			buildActionMask = 2147483647;
			files = (
				42249B3D23967383002D9D8E /* FootTrackerTests.swift in Sources */,
			);
			runOnlyForDeploymentPostprocessing = 0;
		};
/* End PBXSourcesBuildPhase section */

/* Begin PBXTargetDependency section */
		42249B3A23967383002D9D8E /* PBXTargetDependency */ = {
			isa = PBXTargetDependency;
			target = 42249B2123967383002D9D8E /* FootTracker */;
			targetProxy = 42249B3923967383002D9D8E /* PBXContainerItemProxy */;
		};
/* End PBXTargetDependency section */

/* Begin PBXVariantGroup section */
		42249B2B23967383002D9D8E /* Main.storyboard */ = {
			isa = PBXVariantGroup;
			children = (
				42249B2C23967383002D9D8E /* Base */,
			);
			name = Main.storyboard;
			sourceTree = "<group>";
		};
		42249B3023967383002D9D8E /* LaunchScreen.storyboard */ = {
			isa = PBXVariantGroup;
			children = (
				42249B3123967383002D9D8E /* Base */,
			);
			name = LaunchScreen.storyboard;
			sourceTree = "<group>";
		};
/* End PBXVariantGroup section */

/* Begin XCBuildConfiguration section */
		42249B3F23967383002D9D8E /* Debug */ = {
			isa = XCBuildConfiguration;
			buildSettings = {
				ALWAYS_SEARCH_USER_PATHS = NO;
				CLANG_ANALYZER_NONNULL = YES;
				CLANG_ANALYZER_NUMBER_OBJECT_CONVERSION = YES_AGGRESSIVE;
				CLANG_CXX_LANGUAGE_STANDARD = "gnu++14";
				CLANG_CXX_LIBRARY = "libc++";
				CLANG_ENABLE_MODULES = YES;
				CLANG_ENABLE_OBJC_ARC = YES;
				CLANG_ENABLE_OBJC_WEAK = YES;
				CLANG_WARN_BLOCK_CAPTURE_AUTORELEASING = YES;
				CLANG_WARN_BOOL_CONVERSION = YES;
				CLANG_WARN_COMMA = YES;
				CLANG_WARN_CONSTANT_CONVERSION = YES;
				CLANG_WARN_DEPRECATED_OBJC_IMPLEMENTATIONS = YES;
				CLANG_WARN_DIRECT_OBJC_ISA_USAGE = YES_ERROR;
				CLANG_WARN_DOCUMENTATION_COMMENTS = YES;
				CLANG_WARN_EMPTY_BODY = YES;
				CLANG_WARN_ENUM_CONVERSION = YES;
				CLANG_WARN_INFINITE_RECURSION = YES;
				CLANG_WARN_INT_CONVERSION = YES;
				CLANG_WARN_NON_LITERAL_NULL_CONVERSION = YES;
				CLANG_WARN_OBJC_IMPLICIT_RETAIN_SELF = YES;
				CLANG_WARN_OBJC_LITERAL_CONVERSION = YES;
				CLANG_WARN_OBJC_ROOT_CLASS = YES_ERROR;
				CLANG_WARN_RANGE_LOOP_ANALYSIS = YES;
				CLANG_WARN_STRICT_PROTOTYPES = YES;
				CLANG_WARN_SUSPICIOUS_MOVE = YES;
				CLANG_WARN_UNGUARDED_AVAILABILITY = YES_AGGRESSIVE;
				CLANG_WARN_UNREACHABLE_CODE = YES;
				CLANG_WARN__DUPLICATE_METHOD_MATCH = YES;
				COPY_PHASE_STRIP = NO;
				DEBUG_INFORMATION_FORMAT = dwarf;
				ENABLE_STRICT_OBJC_MSGSEND = YES;
				ENABLE_TESTABILITY = YES;
				GCC_C_LANGUAGE_STANDARD = gnu11;
				GCC_DYNAMIC_NO_PIC = NO;
				GCC_NO_COMMON_BLOCKS = YES;
				GCC_OPTIMIZATION_LEVEL = 0;
				GCC_PREPROCESSOR_DEFINITIONS = (
					"DEBUG=1",
					"$(inherited)",
				);
				GCC_WARN_64_TO_32_BIT_CONVERSION = YES;
				GCC_WARN_ABOUT_RETURN_TYPE = YES_ERROR;
				GCC_WARN_UNDECLARED_SELECTOR = YES;
				GCC_WARN_UNINITIALIZED_AUTOS = YES_AGGRESSIVE;
				GCC_WARN_UNUSED_FUNCTION = YES;
				GCC_WARN_UNUSED_VARIABLE = YES;
				IPHONEOS_DEPLOYMENT_TARGET = 13.2;
				MTL_ENABLE_DEBUG_INFO = INCLUDE_SOURCE;
				MTL_FAST_MATH = YES;
				ONLY_ACTIVE_ARCH = YES;
				SDKROOT = iphoneos;
				SWIFT_ACTIVE_COMPILATION_CONDITIONS = DEBUG;
				SWIFT_OPTIMIZATION_LEVEL = "-Onone";
			};
			name = Debug;
		};
		42249B4023967383002D9D8E /* Release */ = {
			isa = XCBuildConfiguration;
			buildSettings = {
				ALWAYS_SEARCH_USER_PATHS = NO;
				CLANG_ANALYZER_NONNULL = YES;
				CLANG_ANALYZER_NUMBER_OBJECT_CONVERSION = YES_AGGRESSIVE;
				CLANG_CXX_LANGUAGE_STANDARD = "gnu++14";
				CLANG_CXX_LIBRARY = "libc++";
				CLANG_ENABLE_MODULES = YES;
				CLANG_ENABLE_OBJC_ARC = YES;
				CLANG_ENABLE_OBJC_WEAK = YES;
				CLANG_WARN_BLOCK_CAPTURE_AUTORELEASING = YES;
				CLANG_WARN_BOOL_CONVERSION = YES;
				CLANG_WARN_COMMA = YES;
				CLANG_WARN_CONSTANT_CONVERSION = YES;
				CLANG_WARN_DEPRECATED_OBJC_IMPLEMENTATIONS = YES;
				CLANG_WARN_DIRECT_OBJC_ISA_USAGE = YES_ERROR;
				CLANG_WARN_DOCUMENTATION_COMMENTS = YES;
				CLANG_WARN_EMPTY_BODY = YES;
				CLANG_WARN_ENUM_CONVERSION = YES;
				CLANG_WARN_INFINITE_RECURSION = YES;
				CLANG_WARN_INT_CONVERSION = YES;
				CLANG_WARN_NON_LITERAL_NULL_CONVERSION = YES;
				CLANG_WARN_OBJC_IMPLICIT_RETAIN_SELF = YES;
				CLANG_WARN_OBJC_LITERAL_CONVERSION = YES;
				CLANG_WARN_OBJC_ROOT_CLASS = YES_ERROR;
				CLANG_WARN_RANGE_LOOP_ANALYSIS = YES;
				CLANG_WARN_STRICT_PROTOTYPES = YES;
				CLANG_WARN_SUSPICIOUS_MOVE = YES;
				CLANG_WARN_UNGUARDED_AVAILABILITY = YES_AGGRESSIVE;
				CLANG_WARN_UNREACHABLE_CODE = YES;
				CLANG_WARN__DUPLICATE_METHOD_MATCH = YES;
				COPY_PHASE_STRIP = NO;
				DEBUG_INFORMATION_FORMAT = "dwarf-with-dsym";
				ENABLE_NS_ASSERTIONS = NO;
				ENABLE_STRICT_OBJC_MSGSEND = YES;
				GCC_C_LANGUAGE_STANDARD = gnu11;
				GCC_NO_COMMON_BLOCKS = YES;
				GCC_WARN_64_TO_32_BIT_CONVERSION = YES;
				GCC_WARN_ABOUT_RETURN_TYPE = YES_ERROR;
				GCC_WARN_UNDECLARED_SELECTOR = YES;
				GCC_WARN_UNINITIALIZED_AUTOS = YES_AGGRESSIVE;
				GCC_WARN_UNUSED_FUNCTION = YES;
				GCC_WARN_UNUSED_VARIABLE = YES;
				IPHONEOS_DEPLOYMENT_TARGET = 13.2;
				MTL_ENABLE_DEBUG_INFO = NO;
				MTL_FAST_MATH = YES;
				SDKROOT = iphoneos;
				SWIFT_COMPILATION_MODE = wholemodule;
				SWIFT_OPTIMIZATION_LEVEL = "-O";
				VALIDATE_PRODUCT = YES;
			};
			name = Release;
		};
		42249B4223967383002D9D8E /* Debug */ = {
			isa = XCBuildConfiguration;
			buildSettings = {
				ASSETCATALOG_COMPILER_APPICON_NAME = AppIcon;
				CODE_SIGN_STYLE = Automatic;
				INFOPLIST_FILE = FootTracker/Info.plist;
				LD_RUNPATH_SEARCH_PATHS = (
					"$(inherited)",
					"@executable_path/Frameworks",
				);
				PRODUCT_BUNDLE_IDENTIFIER = com.example.FootTracker;
				PRODUCT_NAME = "$(TARGET_NAME)";
				SWIFT_VERSION = 5.0;
				TARGETED_DEVICE_FAMILY = "1,2";
			};
			name = Debug;
		};
		42249B4323967383002D9D8E /* Release */ = {
			isa = XCBuildConfiguration;
			buildSettings = {
				ASSETCATALOG_COMPILER_APPICON_NAME = AppIcon;
				CODE_SIGN_STYLE = Automatic;
				INFOPLIST_FILE = FootTracker/Info.plist;
				LD_RUNPATH_SEARCH_PATHS = (
					"$(inherited)",
					"@executable_path/Frameworks",
				);
				PRODUCT_BUNDLE_IDENTIFIER = com.example.FootTracker;
				PRODUCT_NAME = "$(TARGET_NAME)";
				SWIFT_VERSION = 5.0;
				TARGETED_DEVICE_FAMILY = "1,2";
			};
			name = Release;
		};
		42249B4523967383002D9D8E /* Debug */ = {
			isa = XCBuildConfiguration;
			buildSettings = {
				ALWAYS_EMBED_SWIFT_STANDARD_LIBRARIES = YES;
				BUNDLE_LOADER = "$(TEST_HOST)";
				CODE_SIGN_STYLE = Automatic;
				INFOPLIST_FILE = FootTrackerTests/Info.plist;
				IPHONEOS_DEPLOYMENT_TARGET = 13.2;
				LD_RUNPATH_SEARCH_PATHS = (
					"$(inherited)",
					"@executable_path/Frameworks",
					"@loader_path/Frameworks",
				);
				PRODUCT_BUNDLE_IDENTIFIER = com.example.FootTrackerTests;
				PRODUCT_NAME = "$(TARGET_NAME)";
				SWIFT_VERSION = 5.0;
				TARGETED_DEVICE_FAMILY = "1,2";
				TEST_HOST = "$(BUILT_PRODUCTS_DIR)/FootTracker.app/FootTracker";
			};
			name = Debug;
		};
		42249B4623967383002D9D8E /* Release */ = {
			isa = XCBuildConfiguration;
			buildSettings = {
				ALWAYS_EMBED_SWIFT_STANDARD_LIBRARIES = YES;
				BUNDLE_LOADER = "$(TEST_HOST)";
				CODE_SIGN_STYLE = Automatic;
				INFOPLIST_FILE = FootTrackerTests/Info.plist;
				IPHONEOS_DEPLOYMENT_TARGET = 13.2;
				LD_RUNPATH_SEARCH_PATHS = (
					"$(inherited)",
					"@executable_path/Frameworks",
					"@loader_path/Frameworks",
				);
				PRODUCT_BUNDLE_IDENTIFIER = com.example.FootTrackerTests;
				PRODUCT_NAME = "$(TARGET_NAME)";
				SWIFT_VERSION = 5.0;
				TARGETED_DEVICE_FAMILY = "1,2";
				TEST_HOST = "$(BUILT_PRODUCTS_DIR)/FootTracker.app/FootTracker";
			};
			name = Release;
		};
/* End XCBuildConfiguration section */

/* Begin XCConfigurationList section */
		42249B1D23967383002D9D8E /* Build configuration list for PBXProject "FootTracker" */ = {
			isa = XCConfigurationList;
			buildConfigurations = (
				42249B3F23967383002D9D8E /* Debug */,
				42249B4023967383002D9D8E /* Release */,
			);
			defaultConfigurationIsVisible = 0;
			defaultConfigurationName = Release;
		};
		42249B4123967383002D9D8E /* Build configuration list for PBXNativeTarget "FootTracker" */ = {
			isa = XCConfigurationList;
			buildConfigurations = (
				42249B4223967383002D9D8E /* Debug */,
				42249B4323967383002D9D8E /* Release */,
			);
			defaultConfigurationIsVisible = 0;
			defaultConfigurationName = Release;
		};
		42249B4423967383002D9D8E /* Build configuration list for PBXNativeTarget "FootTrackerTests" */ = {
			isa = XCConfigurationList;
			buildConfigurations = (
				42249B4523967383002D9D8E /* Debug */,
				42249B4623967383002D9D8E /* Release */,
			);
			defaultConfigurationIsVisible = 0;
			defaultConfigurationName = Release;
		};
/* End XCConfigurationList section */
	};
	rootObject = 42249B1A23967383002D9D8E /* Project object */;
}
